{
  "nodes": {
    "ansiutils-0_1_0": {
      "inputs": {
        "flakeNimbleLib": [
          "flakeNimbleLib"
        ],
        "nixpkgs": [
          "nixpkgs"
        ],
        "src-ansiutils-0_1_0": "src-ansiutils-0_1_0"
      },
      "locked": {
        "dir": "0_1_0",
        "lastModified": 1667322136,
        "narHash": "sha256-Hua8MA9j0dOcGywyIE+f0duhgfkA2frz5DPayZIfMac=",
        "owner": "nim-nix-pkgs",
        "repo": "ansiutils",
        "rev": "4088b78f62b68dc4b54577bcca69bc7ba1eb96ad",
        "type": "github"
      },
      "original": {
        "dir": "0_1_0",
        "owner": "nim-nix-pkgs",
        "ref": "master",
        "repo": "ansiutils",
        "type": "github"
      }
    },
    "ansiutils-master": {
      "inputs": {
        "flakeNimbleLib": [
          "flakeNimbleLib"
        ],
        "nixpkgs": [
          "nixpkgs"
        ],
        "src-ansiutils-master": "src-ansiutils-master"
      },
      "locked": {
        "dir": "master",
        "lastModified": 1667322136,
        "narHash": "sha256-Hua8MA9j0dOcGywyIE+f0duhgfkA2frz5DPayZIfMac=",
        "owner": "nim-nix-pkgs",
        "repo": "ansiutils",
        "rev": "4088b78f62b68dc4b54577bcca69bc7ba1eb96ad",
        "type": "github"
      },
      "original": {
        "dir": "master",
        "owner": "nim-nix-pkgs",
        "ref": "master",
        "repo": "ansiutils",
        "type": "github"
      }
    },
    "flakeNimbleLib": {
      "inputs": {
        "nixpkgs": [
          "nixpkgs"
        ]
      },
      "locked": {
        "lastModified": 1662018438,
        "narHash": "sha256-QtNtU6+LX3Wokxf0zlFwKTFOcn6TeDjKQZ+DA9OYtvM=",
        "owner": "riinr",
        "repo": "nim-flakes-lib",
        "rev": "b1fe8340736e3a85d25c709ac3dfd82a55c03cbf",
        "type": "github"
      },
      "original": {
        "owner": "riinr",
        "ref": "master",
        "repo": "nim-flakes-lib",
        "type": "github"
      }
    },
    "nixpkgs": {
      "locked": {
        "lastModified": 1667199707,
        "narHash": "sha256-I2Js3Y7gUyVSEXPULHlBoRek4Lh85vnevdS6mdvDNLI=",
        "owner": "NixOS",
        "repo": "nixpkgs",
        "rev": "ced197be72099edcfa68ebed8b87af7b04851f45",
        "type": "github"
      },
      "original": {
        "id": "nixpkgs",
        "type": "indirect"
      }
    },
    "root": {
      "inputs": {
        "ansiutils-0_1_0": "ansiutils-0_1_0",
        "ansiutils-master": "ansiutils-master",
        "flakeNimbleLib": "flakeNimbleLib",
        "nixpkgs": "nixpkgs"
      }
    },
    "src-ansiutils-0_1_0": {
      "flake": false,
      "locked": {
        "lastModified": 1651844094,
        "narHash": "sha256-kRmAOV0bgWCUE0Bam8ZOJWyx4ALk6oh18jgokGwtOjk=",
        "owner": "ansiwave",
        "repo": "ansiutils",
        "rev": "fc681228ecb51d82cfb65bb2c7fe47d90823321b",
        "type": "github"
      },
      "original": {
        "owner": "ansiwave",
        "ref": "refs/tags/0.1.0",
        "repo": "ansiutils",
        "type": "github"
      }
    },
    "src-ansiutils-master": {
      "flake": false,
      "locked": {
        "lastModified": 1655705638,
        "narHash": "sha256-/LLszfd6ZdHHZ0fWMbABMp10rzM7FL69YGDQ0AM5Cv8=",
        "owner": "ansiwave",
        "repo": "ansiutils",
        "rev": "96339ee3c42d466411ffd03101bb0efe3d1dc91f",
        "type": "github"
      },
      "original": {
        "owner": "ansiwave",
        "ref": "refs/heads/master",
        "repo": "ansiutils",
        "type": "github"
      }
    }
  },
  "root": "root",
  "version": 7
}
